
Microsoft Visual Studio Solution File, Format Version 12.00
# Visual Studio Version 17
VisualStudioVersion = 17.13.35931.197 d17.13
MinimumVisualStudioVersion = 10.0.40219.1
Project("{FAE04EC0-301F-11D3-BF4B-00C04F79EFBC}") = "GestionDeRopaCSharp", "GestionDeRopaCSharp.csproj", "{068C8A06-6872-48AE-9406-E25D53ACB322}"
EndProject
Global
	GlobalSection(SolutionConfigurationPlatforms) = preSolution
		Debug|Any CPU = Debug|Any CPU
		Release|Any CPU = Release|Any CPU
	EndGlobalSection
	GlobalSection(ProjectConfigurationPlatforms) = postSolution
		{068C8A06-6872-48AE-9406-E25D53ACB322}.Debug|Any CPU.ActiveCfg = Debug|Any CPU
		{068C8A06-6872-48AE-9406-E25D53ACB322}.Debug|Any CPU.Build.0 = Debug|Any CPU
		{068C8A06-6872-48AE-9406-E25D53ACB322}.Release|Any CPU.ActiveCfg = Release|Any CPU
		{068C8A06-6872-48AE-9406-E25D53ACB322}.Release|Any CPU.Build.0 = Release|Any CPU
	EndGlobalSection
	GlobalSection(SolutionProperties) = preSolution
		HideSolutionNode = FALSE
	EndGlobalSection
	GlobalSection(ExtensibilityGlobals) = postSolution
		SolutionGuid = {85103356-C8D6-4718-9F45-CDA82103C8C2}
	EndGlobalSection
EndGlobal
